// !$*UTF8*$!
{
	archiveVersion = 1;
	classes = {
	};
	objectVersion = 46;
	objects = {

/* Begin PBXBuildFile section */
		C02367DE1C41E5C60089D5DF /* NetWorkManager.swift in Sources */ = {isa = PBXBuildFile; fileRef = C02367DD1C41E5C60089D5DF /* NetWorkManager.swift */; };
		C02367E51C41E75B0089D5DF /* MovieNowPlayingCallback.swift in Sources */ = {isa = PBXBuildFile; fileRef = C02367E41C41E75B0089D5DF /* MovieNowPlayingCallback.swift */; };
		C02367E81C41E8050089D5DF /* MovieNowPlayingCallback_result.swift in Sources */ = {isa = PBXBuildFile; fileRef = C02367E71C41E8050089D5DF /* MovieNowPlayingCallback_result.swift */; };
		C02367EC1C41F0CB0089D5DF /* ProgressHUD.bundle in Resources */ = {isa = PBXBuildFile; fileRef = C02367E91C41F0CB0089D5DF /* ProgressHUD.bundle */; };
		C02367ED1C41F0CB0089D5DF /* ProgressHUD.m in Sources */ = {isa = PBXBuildFile; fileRef = C02367EB1C41F0CB0089D5DF /* ProgressHUD.m */; };
		C02367F01C41F0FB0089D5DF /* Tool.swift in Sources */ = {isa = PBXBuildFile; fileRef = C02367EF1C41F0FB0089D5DF /* Tool.swift */; };
		C0259F331C41D12800E4E2F0 /* DiscoverCell.swift in Sources */ = {isa = PBXBuildFile; fileRef = C0259F321C41D12800E4E2F0 /* DiscoverCell.swift */; };
		C069EB921C44AF9500443C44 /* KMGillSansLabel.m in Sources */ = {isa = PBXBuildFile; fileRef = C069EB911C44AF9500443C44 /* KMGillSansLabel.m */; };
		C069EB961C44AFC900443C44 /* UIFont+GillSansFonts.m in Sources */ = {isa = PBXBuildFile; fileRef = C069EB951C44AFC900443C44 /* UIFont+GillSansFonts.m */; };
		C0C7875A1C40098800E85BB4 /* AppDelegate.swift in Sources */ = {isa = PBXBuildFile; fileRef = C0C787591C40098800E85BB4 /* AppDelegate.swift */; };
		C0C7875C1C40098800E85BB4 /* FirstViewController.swift in Sources */ = {isa = PBXBuildFile; fileRef = C0C7875B1C40098800E85BB4 /* FirstViewController.swift */; };
		C0C7875F1C40098800E85BB4 /* Main.storyboard in Resources */ = {isa = PBXBuildFile; fileRef = C0C7875D1C40098800E85BB4 /* Main.storyboard */; };
		C0C787611C40098800E85BB4 /* Assets.xcassets in Resources */ = {isa = PBXBuildFile; fileRef = C0C787601C40098800E85BB4 /* Assets.xcassets */; };
		C0C787641C40098800E85BB4 /* LaunchScreen.storyboard in Resources */ = {isa = PBXBuildFile; fileRef = C0C787621C40098800E85BB4 /* LaunchScreen.storyboard */; };
		C0C7876C1C400DB200E85BB4 /* Helper.swift in Sources */ = {isa = PBXBuildFile; fileRef = C0C7876B1C400DB200E85BB4 /* Helper.swift */; };
		F1DBF1EE410EBB848D09B951 /* libPods.a in Frameworks */ = {isa = PBXBuildFile; fileRef = C2E670D86B6CB62F64E8AB69 /* libPods.a */; };
/* End PBXBuildFile section */

/* Begin PBXFileReference section */
		43CD8287933553C451722E00 /* Pods.release.xcconfig */ = {isa = PBXFileReference; includeInIndex = 1; lastKnownFileType = text.xcconfig; name = Pods.release.xcconfig; path = "Pods/Target Support Files/Pods/Pods.release.xcconfig"; sourceTree = "<group>"; };
		AC5A2BE866D1E6903B92C7C7 /* Pods.debug.xcconfig */ = {isa = PBXFileReference; includeInIndex = 1; lastKnownFileType = text.xcconfig; name = Pods.debug.xcconfig; path = "Pods/Target Support Files/Pods/Pods.debug.xcconfig"; sourceTree = "<group>"; };
		C02367DD1C41E5C60089D5DF /* NetWorkManager.swift */ = {isa = PBXFileReference; fileEncoding = 4; lastKnownFileType = sourcecode.swift; path = NetWorkManager.swift; sourceTree = "<group>"; };
		C02367E41C41E75B0089D5DF /* MovieNowPlayingCallback.swift */ = {isa = PBXFileReference; fileEncoding = 4; lastKnownFileType = sourcecode.swift; path = MovieNowPlayingCallback.swift; sourceTree = "<group>"; };
		C02367E71C41E8050089D5DF /* MovieNowPlayingCallback_result.swift */ = {isa = PBXFileReference; fileEncoding = 4; lastKnownFileType = sourcecode.swift; path = MovieNowPlayingCallback_result.swift; sourceTree = "<group>"; };
		C02367E91C41F0CB0089D5DF /* ProgressHUD.bundle */ = {isa = PBXFileReference; lastKnownFileType = "wrapper.plug-in"; path = ProgressHUD.bundle; sourceTree = "<group>"; };
		C02367EA1C41F0CB0089D5DF /* ProgressHUD.h */ = {isa = PBXFileReference; fileEncoding = 4; lastKnownFileType = sourcecode.c.h; path = ProgressHUD.h; sourceTree = "<group>"; };
		C02367EB1C41F0CB0089D5DF /* ProgressHUD.m */ = {isa = PBXFileReference; fileEncoding = 4; lastKnownFileType = sourcecode.c.objc; path = ProgressHUD.m; sourceTree = "<group>"; };
		C02367EF1C41F0FB0089D5DF /* Tool.swift */ = {isa = PBXFileReference; fileEncoding = 4; lastKnownFileType = sourcecode.swift; path = Tool.swift; sourceTree = "<group>"; };
		C0259F321C41D12800E4E2F0 /* DiscoverCell.swift */ = {isa = PBXFileReference; fileEncoding = 4; lastKnownFileType = sourcecode.swift; path = DiscoverCell.swift; sourceTree = "<group>"; };
		C069EB901C44AF9500443C44 /* KMGillSansLabel.h */ = {isa = PBXFileReference; fileEncoding = 4; lastKnownFileType = sourcecode.c.h; path = KMGillSansLabel.h; sourceTree = "<group>"; };
		C069EB911C44AF9500443C44 /* KMGillSansLabel.m */ = {isa = PBXFileReference; fileEncoding = 4; lastKnownFileType = sourcecode.c.objc; path = KMGillSansLabel.m; sourceTree = "<group>"; };
		C069EB941C44AFC900443C44 /* UIFont+GillSansFonts.h */ = {isa = PBXFileReference; fileEncoding = 4; lastKnownFileType = sourcecode.c.h; path = "UIFont+GillSansFonts.h"; sourceTree = "<group>"; };
		C069EB951C44AFC900443C44 /* UIFont+GillSansFonts.m */ = {isa = PBXFileReference; fileEncoding = 4; lastKnownFileType = sourcecode.c.objc; path = "UIFont+GillSansFonts.m"; sourceTree = "<group>"; };
		C0C787561C40098800E85BB4 /* Flicks.app */ = {isa = PBXFileReference; explicitFileType = wrapper.application; includeInIndex = 0; path = Flicks.app; sourceTree = BUILT_PRODUCTS_DIR; };
		C0C787591C40098800E85BB4 /* AppDelegate.swift */ = {isa = PBXFileReference; lastKnownFileType = sourcecode.swift; path = AppDelegate.swift; sourceTree = "<group>"; };
		C0C7875B1C40098800E85BB4 /* FirstViewController.swift */ = {isa = PBXFileReference; lastKnownFileType = sourcecode.swift; path = FirstViewController.swift; sourceTree = "<group>"; };
		C0C7875E1C40098800E85BB4 /* Base */ = {isa = PBXFileReference; lastKnownFileType = file.storyboard; name = Base; path = Base.lproj/Main.storyboard; sourceTree = "<group>"; };
		C0C787601C40098800E85BB4 /* Assets.xcassets */ = {isa = PBXFileReference; lastKnownFileType = folder.assetcatalog; path = Assets.xcassets; sourceTree = "<group>"; };
		C0C787631C40098800E85BB4 /* Base */ = {isa = PBXFileReference; lastKnownFileType = file.storyboard; name = Base; path = Base.lproj/LaunchScreen.storyboard; sourceTree = "<group>"; };
		C0C787651C40098800E85BB4 /* Info.plist */ = {isa = PBXFileReference; lastKnownFileType = text.plist.xml; path = Info.plist; sourceTree = "<group>"; };
		C0C7876B1C400DB200E85BB4 /* Helper.swift */ = {isa = PBXFileReference; fileEncoding = 4; lastKnownFileType = sourcecode.swift; path = Helper.swift; sourceTree = "<group>"; };
		C0C7876F1C400E0D00E85BB4 /* Header.h */ = {isa = PBXFileReference; lastKnownFileType = sourcecode.c.h; name = Header.h; path = ../Header.h; sourceTree = "<group>"; };
		C2E670D86B6CB62F64E8AB69 /* libPods.a */ = {isa = PBXFileReference; explicitFileType = archive.ar; includeInIndex = 0; path = libPods.a; sourceTree = BUILT_PRODUCTS_DIR; };
/* End PBXFileReference section */

/* Begin PBXFrameworksBuildPhase section */
		C0C787531C40098800E85BB4 /* Frameworks */ = {
			isa = PBXFrameworksBuildPhase;
			buildActionMask = 2147483647;
			files = (
				F1DBF1EE410EBB848D09B951 /* libPods.a in Frameworks */,
			);
			runOnlyForDeploymentPostprocessing = 0;
		};
/* End PBXFrameworksBuildPhase section */

/* Begin PBXGroup section */
		6004C5597A338E5D9CCE784F /* Pods */ = {
			isa = PBXGroup;
			children = (
				AC5A2BE866D1E6903B92C7C7 /* Pods.debug.xcconfig */,
				43CD8287933553C451722E00 /* Pods.release.xcconfig */,
			);
			name = Pods;
			sourceTree = "<group>";
		};
		C02367DF1C41E7000089D5DF /* Manager */ = {
			isa = PBXGroup;
			children = (
				C02367DD1C41E5C60089D5DF /* NetWorkManager.swift */,
			);
			name = Manager;
			sourceTree = "<group>";
		};
		C02367E11C41E71B0089D5DF /* Helper */ = {
			isa = PBXGroup;
			children = (
				C0C7876B1C400DB200E85BB4 /* Helper.swift */,
				C02367EF1C41F0FB0089D5DF /* Tool.swift */,
			);
			name = Helper;
			sourceTree = "<group>";
		};
		C02367E21C41E72F0089D5DF /* Application */ = {
			isa = PBXGroup;
			children = (
				C0C7876F1C400E0D00E85BB4 /* Header.h */,
				C0C787591C40098800E85BB4 /* AppDelegate.swift */,
				C0C7875D1C40098800E85BB4 /* Main.storyboard */,
				C0C787601C40098800E85BB4 /* Assets.xcassets */,
				C0C787621C40098800E85BB4 /* LaunchScreen.storyboard */,
				C0C787651C40098800E85BB4 /* Info.plist */,
			);
			name = Application;
			sourceTree = "<group>";
		};
		C02367E31C41E7360089D5DF /* Controller */ = {
			isa = PBXGroup;
			children = (
				C0C7875B1C40098800E85BB4 /* FirstViewController.swift */,
				C0259F321C41D12800E4E2F0 /* DiscoverCell.swift */,
			);
			name = Controller;
			sourceTree = "<group>";
		};
		C02367E61C41E7680089D5DF /* Model */ = {
			isa = PBXGroup;
			children = (
				C02367E41C41E75B0089D5DF /* MovieNowPlayingCallback.swift */,
				C02367E71C41E8050089D5DF /* MovieNowPlayingCallback_result.swift */,
			);
			name = Model;
			sourceTree = "<group>";
		};
		C02367EE1C41F0CF0089D5DF /* ProgressHUD */ = {
			isa = PBXGroup;
			children = (
				C02367E91C41F0CB0089D5DF /* ProgressHUD.bundle */,
				C02367EA1C41F0CB0089D5DF /* ProgressHUD.h */,
				C02367EB1C41F0CB0089D5DF /* ProgressHUD.m */,
			);
			name = ProgressHUD;
			sourceTree = "<group>";
		};
		C069EB931C44AF9900443C44 /* KMGillSansLabel */ = {
			isa = PBXGroup;
			children = (
				C069EB941C44AFC900443C44 /* UIFont+GillSansFonts.h */,
				C069EB951C44AFC900443C44 /* UIFont+GillSansFonts.m */,
				C069EB901C44AF9500443C44 /* KMGillSansLabel.h */,
				C069EB911C44AF9500443C44 /* KMGillSansLabel.m */,
			);
			name = KMGillSansLabel;
			sourceTree = "<group>";
		};
		C0C7874D1C40098800E85BB4 = {
			isa = PBXGroup;
			children = (
				C0C787721C40154600E85BB4 /* Library */,
				C0C787581C40098800E85BB4 /* Flicks */,
				C0C787571C40098800E85BB4 /* Products */,
				6004C5597A338E5D9CCE784F /* Pods */,
				E15BB5CE2DDB678DCD838946 /* Frameworks */,
			);
			sourceTree = "<group>";
		};
		C0C787571C40098800E85BB4 /* Products */ = {
			isa = PBXGroup;
			children = (
				C0C787561C40098800E85BB4 /* Flicks.app */,
			);
			name = Products;
			sourceTree = "<group>";
		};
		C0C787581C40098800E85BB4 /* Flicks */ = {
			isa = PBXGroup;
			children = (
				C02367E61C41E7680089D5DF /* Model */,
				C02367DF1C41E7000089D5DF /* Manager */,
				C02367E11C41E71B0089D5DF /* Helper */,
				C02367E31C41E7360089D5DF /* Controller */,
				C02367E21C41E72F0089D5DF /* Application */,
			);
			path = Flicks;
			sourceTree = "<group>";
		};
		C0C787721C40154600E85BB4 /* Library */ = {
			isa = PBXGroup;
			children = (
				C069EB931C44AF9900443C44 /* KMGillSansLabel */,
				C02367EE1C41F0CF0089D5DF /* ProgressHUD */,
			);
			name = Library;
			sourceTree = "<group>";
		};
		E15BB5CE2DDB678DCD838946 /* Frameworks */ = {
			isa = PBXGroup;
			children = (
				C2E670D86B6CB62F64E8AB69 /* libPods.a */,
			);
			name = Frameworks;
			sourceTree = "<group>";
		};
/* End PBXGroup section */

/* Begin PBXNativeTarget section */
		C0C787551C40098800E85BB4 /* Flicks */ = {
			isa = PBXNativeTarget;
			buildConfigurationList = C0C787681C40098800E85BB4 /* Build configuration list for PBXNativeTarget "Flicks" */;
			buildPhases = (
				B74867309641E5388AFB0523 /* Check Pods Manifest.lock */,
				C0C787521C40098800E85BB4 /* Sources */,
				C0C787531C40098800E85BB4 /* Frameworks */,
				C0C787541C40098800E85BB4 /* Resources */,
				5A00D57507754B415C33D6FB /* Embed Pods Frameworks */,
				57012ABD1BA9F2E10A92B3DA /* Copy Pods Resources */,
			);
			buildRules = (
			);
			dependencies = (
			);
			name = Flicks;
			productName = Flicks;
			productReference = C0C787561C40098800E85BB4 /* Flicks.app */;
			productType = "com.apple.product-type.application";
		};
/* End PBXNativeTarget section */

/* Begin PBXProject section */
		C0C7874E1C40098800E85BB4 /* Project object */ = {
			isa = PBXProject;
			attributes = {
				LastSwiftUpdateCheck = 0720;
				LastUpgradeCheck = 0720;
				ORGANIZATIONNAME = geleichen;
				TargetAttributes = {
					C0C787551C40098800E85BB4 = {
						CreatedOnToolsVersion = 7.2;
					};
				};
			};
			buildConfigurationList = C0C787511C40098800E85BB4 /* Build configuration list for PBXProject "Flicks" */;
			compatibilityVersion = "Xcode 3.2";
			developmentRegion = English;
			hasScannedForEncodings = 0;
			knownRegions = (
				en,
				Base,
			);
			mainGroup = C0C7874D1C40098800E85BB4;
			productRefGroup = C0C787571C40098800E85BB4 /* Products */;
			projectDirPath = "";
			projectRoot = "";
			targets = (
				C0C787551C40098800E85BB4 /* Flicks */,
			);
		};
/* End PBXProject section */

/* Begin PBXResourcesBuildPhase section */
		C0C787541C40098800E85BB4 /* Resources */ = {
			isa = PBXResourcesBuildPhase;
			buildActionMask = 2147483647;
			files = (
				C02367EC1C41F0CB0089D5DF /* ProgressHUD.bundle in Resources */,
				C0C787641C40098800E85BB4 /* LaunchScreen.storyboard in Resources */,
				C0C787611C40098800E85BB4 /* Assets.xcassets in Resources */,
				C0C7875F1C40098800E85BB4 /* Main.storyboard in Resources */,
			);
			runOnlyForDeploymentPostprocessing = 0;
		};
/* End PBXResourcesBuildPhase section */

/* Begin PBXShellScriptBuildPhase section */
		57012ABD1BA9F2E10A92B3DA /* Copy Pods Resources */ = {
			isa = PBXShellScriptBuildPhase;
			buildActionMask = 2147483647;
			files = (
			);
			inputPaths = (
			);
			name = "Copy Pods Resources";
			outputPaths = (
			);
			runOnlyForDeploymentPostprocessing = 0;
			shellPath = /bin/sh;
			shellScript = "\"${SRCROOT}/Pods/Target Support Files/Pods/Pods-resources.sh\"\n";
			showEnvVarsInLog = 0;
		};
		5A00D57507754B415C33D6FB /* Embed Pods Frameworks */ = {
			isa = PBXShellScriptBuildPhase;
			buildActionMask = 2147483647;
			files = (
			);
			inputPaths = (
			);
			name = "Embed Pods Frameworks";
			outputPaths = (
			);
			runOnlyForDeploymentPostprocessing = 0;
			shellPath = /bin/sh;
			shellScript = "\"${SRCROOT}/Pods/Target Support Files/Pods/Pods-frameworks.sh\"\n";
			showEnvVarsInLog = 0;
		};
		B74867309641E5388AFB0523 /* Check Pods Manifest.lock */ = {
			isa = PBXShellScriptBuildPhase;
			buildActionMask = 2147483647;
			files = (
			);
			inputPaths = (
			);
			name = "Check Pods Manifest.lock";
			outputPaths = (
			);
			runOnlyForDeploymentPostprocessing = 0;
			shellPath = /bin/sh;
			shellScript = "diff \"${PODS_ROOT}/../Podfile.lock\" \"${PODS_ROOT}/Manifest.lock\" > /dev/null\nif [[ $? != 0 ]] ; then\n    cat << EOM\nerror: The sandbox is not in sync with the Podfile.lock. Run 'pod install' or update your CocoaPods installation.\nEOM\n    exit 1\nfi\n";
			showEnvVarsInLog = 0;
		};
/* End PBXShellScriptBuildPhase section */

/* Begin PBXSourcesBuildPhase section */
		C0C787521C40098800E85BB4 /* Sources */ = {
			isa = PBXSourcesBuildPhase;
			buildActionMask = 2147483647;
			files = (
				C02367ED1C41F0CB0089D5DF /* ProgressHUD.m in Sources */,
				C0259F331C41D12800E4E2F0 /* DiscoverCell.swift in Sources */,
				C0C7875C1C40098800E85BB4 /* FirstViewController.swift in Sources */,
				C02367E81C41E8050089D5DF /* MovieNowPlayingCallback_result.swift in Sources */,
				C02367F01C41F0FB0089D5DF /* Tool.swift in Sources */,
				C02367DE1C41E5C60089D5DF /* NetWorkManager.swift in Sources */,
				C0C7875A1C40098800E85BB4 /* AppDelegate.swift in Sources */,
				C069EB961C44AFC900443C44 /* UIFont+GillSansFonts.m in Sources */,
				C02367E51C41E75B0089D5DF /* MovieNowPlayingCallback.swift in Sources */,
				C0C7876C1C400DB200E85BB4 /* Helper.swift in Sources */,
				C069EB921C44AF9500443C44 /* KMGillSansLabel.m in Sources */,
			);
			runOnlyForDeploymentPostprocessing = 0;
		};
/* End PBXSourcesBuildPhase section */

/* Begin PBXVariantGroup section */
		C0C7875D1C40098800E85BB4 /* Main.storyboard */ = {
			isa = PBXVariantGroup;
			children = (
				C0C7875E1C40098800E85BB4 /* Base */,
			);
			name = Main.storyboard;
			sourceTree = "<group>";
		};
		C0C787621C40098800E85BB4 /* LaunchScreen.storyboard */ = {
			isa = PBXVariantGroup;
			children = (
				C0C787631C40098800E85BB4 /* Base */,
			);
			name = LaunchScreen.storyboard;
			sourceTree = "<group>";
		};
/* End PBXVariantGroup section */

/* Begin XCBuildConfiguration section */
		C0C787661C40098800E85BB4 /* Debug */ = {
			isa = XCBuildConfiguration;
			buildSettings = {
				ALWAYS_SEARCH_USER_PATHS = NO;
				CLANG_CXX_LANGUAGE_STANDARD = "gnu++0x";
				CLANG_CXX_LIBRARY = "libc++";
				CLANG_ENABLE_MODULES = YES;
				CLANG_ENABLE_OBJC_ARC = YES;
				CLANG_WARN_BOOL_CONVERSION = YES;
				CLANG_WARN_CONSTANT_CONVERSION = YES;
				CLANG_WARN_DIRECT_OBJC_ISA_USAGE = YES_ERROR;
				CLANG_WARN_EMPTY_BODY = YES;
				CLANG_WARN_ENUM_CONVERSION = YES;
				CLANG_WARN_INT_CONVERSION = YES;
				CLANG_WARN_OBJC_ROOT_CLASS = YES_ERROR;
				CLANG_WARN_UNREACHABLE_CODE = YES;
				CLANG_WARN__DUPLICATE_METHOD_MATCH = YES;
				"CODE_SIGN_IDENTITY[sdk=iphoneos*]" = "iPhone Developer";
				COPY_PHASE_STRIP = NO;
				DEBUG_INFORMATION_FORMAT = dwarf;
				ENABLE_STRICT_OBJC_MSGSEND = YES;
				ENABLE_TESTABILITY = YES;
				GCC_C_LANGUAGE_STANDARD = gnu99;
				GCC_DYNAMIC_NO_PIC = NO;
				GCC_NO_COMMON_BLOCKS = YES;
				GCC_OPTIMIZATION_LEVEL = 0;
				GCC_PREPROCESSOR_DEFINITIONS = (
					"DEBUG=1",
					"$(inherited)",
				);
				GCC_WARN_64_TO_32_BIT_CONVERSION = YES;
				GCC_WARN_ABOUT_RETURN_TYPE = YES_ERROR;
				GCC_WARN_UNDECLARED_SELECTOR = YES;
				GCC_WARN_UNINITIALIZED_AUTOS = YES_AGGRESSIVE;
				GCC_WARN_UNUSED_FUNCTION = YES;
				GCC_WARN_UNUSED_VARIABLE = YES;
				IPHONEOS_DEPLOYMENT_TARGET = 9.2;
				MTL_ENABLE_DEBUG_INFO = YES;
				ONLY_ACTIVE_ARCH = YES;
				SDKROOT = iphoneos;
				SWIFT_OPTIMIZATION_LEVEL = "-Onone";
				TARGETED_DEVICE_FAMILY = "1,2";
			};
			name = Debug;
		};
		C0C787671C40098800E85BB4 /* Release */ = {
			isa = XCBuildConfiguration;
			buildSettings = {
				ALWAYS_SEARCH_USER_PATHS = NO;
				CLANG_CXX_LANGUAGE_STANDARD = "gnu++0x";
				CLANG_CXX_LIBRARY = "libc++";
				CLANG_ENABLE_MODULES = YES;
				CLANG_ENABLE_OBJC_ARC = YES;
				CLANG_WARN_BOOL_CONVERSION = YES;
				CLANG_WARN_CONSTANT_CONVERSION = YES;
				CLANG_WARN_DIRECT_OBJC_ISA_USAGE = YES_ERROR;
				CLANG_WARN_EMPTY_BODY = YES;
				CLANG_WARN_ENUM_CONVERSION = YES;
				CLANG_WARN_INT_CONVERSION = YES;
				CLANG_WARN_OBJC_ROOT_CLASS = YES_ERROR;
				CLANG_WARN_UNREACHABLE_CODE = YES;
				CLANG_WARN__DUPLICATE_METHOD_MATCH = YES;
				"CODE_SIGN_IDENTITY[sdk=iphoneos*]" = "iPhone Developer";
				COPY_PHASE_STRIP = NO;
				DEBUG_INFORMATION_FORMAT = "dwarf-with-dsym";
				ENABLE_NS_ASSERTIONS = NO;
				ENABLE_STRICT_OBJC_MSGSEND = YES;
				GCC_C_LANGUAGE_STANDARD = gnu99;
				GCC_NO_COMMON_BLOCKS = YES;
				GCC_WARN_64_TO_32_BIT_CONVERSION = YES;
				GCC_WARN_ABOUT_RETURN_TYPE = YES_ERROR;
				GCC_WARN_UNDECLARED_SELECTOR = YES;
				GCC_WARN_UNINITIALIZED_AUTOS = YES_AGGRESSIVE;
				GCC_WARN_UNUSED_FUNCTION = YES;
				GCC_WARN_UNUSED_VARIABLE = YES;
				IPHONEOS_DEPLOYMENT_TARGET = 9.2;
				MTL_ENABLE_DEBUG_INFO = NO;
				SDKROOT = iphoneos;
				TARGETED_DEVICE_FAMILY = "1,2";
				VALIDATE_PRODUCT = YES;
			};
			name = Release;
		};
		C0C787691C40098800E85BB4 /* Debug */ = {
			isa = XCBuildConfiguration;
			baseConfigurationReference = AC5A2BE866D1E6903B92C7C7 /* Pods.debug.xcconfig */;
			buildSettings = {
				ASSETCATALOG_COMPILER_APPICON_NAME = AppIcon;
				INFOPLIST_FILE = Flicks/Info.plist;
				LD_RUNPATH_SEARCH_PATHS = "$(inherited) @executable_path/Frameworks";
				PRODUCT_BUNDLE_IDENTIFIER = com.geleichen.Flicks;
				PRODUCT_NAME = "$(TARGET_NAME)";
				SWIFT_OBJC_BRIDGING_HEADER = Header.h;
			};
			name = Debug;
		};
		C0C7876A1C40098800E85BB4 /* Release */ = {
			isa = XCBuildConfiguration;
			baseConfigurationReference = 43CD8287933553C451722E00 /* Pods.release.xcconfig */;
			buildSettings = {
				ASSETCATALOG_COMPILER_APPICON_NAME = AppIcon;
				INFOPLIST_FILE = Flicks/Info.plist;
				LD_RUNPATH_SEARCH_PATHS = "$(inherited) @executable_path/Frameworks";
				PRODUCT_BUNDLE_IDENTIFIER = com.geleichen.Flicks;
				PRODUCT_NAME = "$(TARGET_NAME)";
				SWIFT_OBJC_BRIDGING_HEADER = Header.h;
			};
			name = Release;
		};
/* End XCBuildConfiguration section */

/* Begin XCConfigurationList section */
		C0C787511C40098800E85BB4 /* Build configuration list for PBXProject "Flicks" */ = {
			isa = XCConfigurationList;
			buildConfigurations = (
				C0C787661C40098800E85BB4 /* Debug */,
				C0C787671C40098800E85BB4 /* Release */,
			);
			defaultConfigurationIsVisible = 0;
			defaultConfigurationName = Release;
		};
		C0C787681C40098800E85BB4 /* Build configuration list for PBXNativeTarget "Flicks" */ = {
			isa = XCConfigurationList;
			buildConfigurations = (
				C0C787691C40098800E85BB4 /* Debug */,
				C0C7876A1C40098800E85BB4 /* Release */,
			);
			defaultConfigurationIsVisible = 0;
			defaultConfigurationName = Release;
		};
/* End XCConfigurationList section */
	};
	rootObject = C0C7874E1C40098800E85BB4 /* Project object */;
}
